
Microsoft Visual Studio Solution File, Format Version 12.00
# Visual Studio Version 17
VisualStudioVersion = 17.0.31903.59
MinimumVisualStudioVersion = 10.0.40219.1
Project("{FAE04EC0-301F-11D3-BF4B-00C04F79EFBC}") = "API", "API\API.csproj", "{AA93BA7C-CFA6-4D87-A475-2E0485143E41}"
EndProject
Project("{FAE04EC0-301F-11D3-BF4B-00C04F79EFBC}") = "Core", "Core\Core.csproj", "{73AFF8AD-6503-4910-AB99-4F24C8FA4C9C}"
EndProject
Project("{FAE04EC0-301F-11D3-BF4B-00C04F79EFBC}") = "Infrastructure", "Infrastructure\Infrastructure.csproj", "{AF4585EA-004A-455E-A20F-25028058675F}"
EndProject
Global
	GlobalSection(SolutionConfigurationPlatforms) = preSolution
		Debug|Any CPU = Debug|Any CPU
		Release|Any CPU = Release|Any CPU
	EndGlobalSection
	GlobalSection(SolutionProperties) = preSolution
		HideSolutionNode = FALSE
	EndGlobalSection
	GlobalSection(ProjectConfigurationPlatforms) = postSolution
		{AA93BA7C-CFA6-4D87-A475-2E0485143E41}.Debug|Any CPU.ActiveCfg = Debug|Any CPU
		{AA93BA7C-CFA6-4D87-A475-2E0485143E41}.Debug|Any CPU.Build.0 = Debug|Any CPU
		{AA93BA7C-CFA6-4D87-A475-2E0485143E41}.Release|Any CPU.ActiveCfg = Release|Any CPU
		{AA93BA7C-CFA6-4D87-A475-2E0485143E41}.Release|Any CPU.Build.0 = Release|Any CPU
		{73AFF8AD-6503-4910-AB99-4F24C8FA4C9C}.Debug|Any CPU.ActiveCfg = Debug|Any CPU
		{73AFF8AD-6503-4910-AB99-4F24C8FA4C9C}.Debug|Any CPU.Build.0 = Debug|Any CPU
		{73AFF8AD-6503-4910-AB99-4F24C8FA4C9C}.Release|Any CPU.ActiveCfg = Release|Any CPU
		{73AFF8AD-6503-4910-AB99-4F24C8FA4C9C}.Release|Any CPU.Build.0 = Release|Any CPU
		{AF4585EA-004A-455E-A20F-25028058675F}.Debug|Any CPU.ActiveCfg = Debug|Any CPU
		{AF4585EA-004A-455E-A20F-25028058675F}.Debug|Any CPU.Build.0 = Debug|Any CPU
		{AF4585EA-004A-455E-A20F-25028058675F}.Release|Any CPU.ActiveCfg = Release|Any CPU
		{AF4585EA-004A-455E-A20F-25028058675F}.Release|Any CPU.Build.0 = Release|Any CPU
	EndGlobalSection
EndGlobal
